
Microsoft Visual Studio Solution File, Format Version 12.00
# Visual Studio Version 17
VisualStudioVersion = 17.10.35013.160
MinimumVisualStudioVersion = 10.0.40219.1
Project("{9A19103F-16F7-4668-BE54-9A1E7A4F7556}") = "WebApplication1", "WebApplication1\WebApplication1.csproj", "{04BACF87-655E-4E6D-8DBB-8CD47F3BAA9B}"
EndProject
Project("{FAE04EC0-301F-11D3-BF4B-00C04F79EFBC}") = "test_mvc", "test_mvc\test_mvc.csproj", "{11C29B34-F0A4-49EE-88D8-ED46CA750814}"
EndProject
Global
	GlobalSection(SolutionConfigurationPlatforms) = preSolution
		Debug|Any CPU = Debug|Any CPU
		Release|Any CPU = Release|Any CPU
	EndGlobalSection
	GlobalSection(ProjectConfigurationPlatforms) = postSolution
		{04BACF87-655E-4E6D-8DBB-8CD47F3BAA9B}.Debug|Any CPU.ActiveCfg = Debug|Any CPU
		{04BACF87-655E-4E6D-8DBB-8CD47F3BAA9B}.Debug|Any CPU.Build.0 = Debug|Any CPU
		{04BACF87-655E-4E6D-8DBB-8CD47F3BAA9B}.Release|Any CPU.ActiveCfg = Release|Any CPU
		{04BACF87-655E-4E6D-8DBB-8CD47F3BAA9B}.Release|Any CPU.Build.0 = Release|Any CPU
		{11C29B34-F0A4-49EE-88D8-ED46CA750814}.Debug|Any CPU.ActiveCfg = Debug|Any CPU
		{11C29B34-F0A4-49EE-88D8-ED46CA750814}.Debug|Any CPU.Build.0 = Debug|Any CPU
		{11C29B34-F0A4-49EE-88D8-ED46CA750814}.Release|Any CPU.ActiveCfg = Release|Any CPU
		{11C29B34-F0A4-49EE-88D8-ED46CA750814}.Release|Any CPU.Build.0 = Release|Any CPU
	EndGlobalSection
	GlobalSection(SolutionProperties) = preSolution
		HideSolutionNode = FALSE
	EndGlobalSection
	GlobalSection(ExtensibilityGlobals) = postSolution
		SolutionGuid = {EC271897-7742-482B-8A54-642936E50401}
	EndGlobalSection
EndGlobal
